{
  "version": 4,
  "terraform_version": "1.12.1",
  "serial": 5,
  "lineage": "2c54a26a-378a-5e3b-68a5-bcc10ac44f82",
  "outputs": {
    "backend_config": {
      "value": {
        "container_name": "tfstate",
        "resource_group_name": "cst8918-terraform-state-group-5",
        "storage_account_name": "cst8918tfstatey27e6bh9"
      },
      "type": [
        "object",
        {
          "container_name": "string",
          "resource_group_name": "string",
          "storage_account_name": "string"
        }
      ]
    }
  },
  "resources": [
    {
      "mode": "managed",
      "type": "random_string",
      "name": "suffix",
      "provider": "provider[\"registry.terraform.io/hashicorp/random\"]",
      "instances": [
        {
          "schema_version": 2,
          "attributes": {
            "id": "y27e6bh9",
            "keepers": null,
            "length": 8,
            "lower": true,
            "min_lower": 0,
            "min_numeric": 0,
            "min_special": 0,
            "min_upper": 0,
            "number": true,
            "numeric": true,
            "override_special": null,
            "result": "y27e6bh9",
            "special": false,
            "upper": false
          },
          "sensitive_attributes": [],
          "identity_schema_version": 0
        }
      ]
    },
    {
      "module": "module.terraform_backend",
      "mode": "managed",
      "type": "azurerm_resource_group",
      "name": "terraform_state",
      "provider": "provider[\"registry.terraform.io/hashicorp/azurerm\"]",
      "instances": [
        {
          "schema_version": 0,
          "attributes": {
            "id": "/subscriptions/254161c8-a803-46bc-8206-579eb63c6e8f/resourceGroups/cst8918-terraform-state-group-5",
            "location": "eastus",
            "managed_by": "",
            "name": "cst8918-terraform-state-group-5",
            "tags": {
              "Environment": "shared",
              "Project": "CST8918-Final",
              "Team": "Group-5"
            },
            "timeouts": null
          },
          "sensitive_attributes": [],
          "identity_schema_version": 0,
          "private": "eyJlMmJmYjczMC1lY2FhLTExZTYtOGY4OC0zNDM2M2JjN2M0YzAiOnsiY3JlYXRlIjo1NDAwMDAwMDAwMDAwLCJkZWxldGUiOjU0MDAwMDAwMDAwMDAsInJlYWQiOjMwMDAwMDAwMDAwMCwidXBkYXRlIjo1NDAwMDAwMDAwMDAwfX0="
        }
      ]
    },
    {
      "module": "module.terraform_backend",
      "mode": "managed",
      "type": "azurerm_storage_account",
      "name": "terraform_state",
      "provider": "provider[\"registry.terraform.io/hashicorp/azurerm\"]",
      "instances": [
        {
          "schema_version": 4,
          "attributes": {
            "access_tier": "Hot",
            "account_kind": "StorageV2",
            "account_replication_type": "LRS",
            "account_tier": "Standard",
            "allow_nested_items_to_be_public": true,
            "allowed_copy_scope": "",
            "azure_files_authentication": [],
            "blob_properties": [
              {
                "change_feed_enabled": false,
                "change_feed_retention_in_days": 0,
                "container_delete_retention_policy": [],
                "cors_rule": [],
                "default_service_version": "",
                "delete_retention_policy": [],
                "last_access_time_enabled": false,
                "restore_policy": [],
                "versioning_enabled": true
              }
            ],
            "cross_tenant_replication_enabled": true,
            "custom_domain": [],
            "customer_managed_key": [],
            "default_to_oauth_authentication": false,
            "dns_endpoint_type": "Standard",
            "edge_zone": "",
            "enable_https_traffic_only": true,
            "https_traffic_only_enabled": true,
            "id": "/subscriptions/254161c8-a803-46bc-8206-579eb63c6e8f/resourceGroups/cst8918-terraform-state-group-5/providers/Microsoft.Storage/storageAccounts/cst8918tfstatey27e6bh9",
            "identity": [],
            "immutability_policy": [],
            "infrastructure_encryption_enabled": false,
            "is_hns_enabled": false,
            "large_file_share_enabled": false,
            "local_user_enabled": true,
            "location": "eastus",
            "min_tls_version": "TLS1_2",
            "name": "cst8918tfstatey27e6bh9",
            "network_rules": [],
            "nfsv3_enabled": false,
            "primary_access_key": "yuwz43um9sbBQcqOtX84c2WCEjOMwSrLM8aiSCJ05JvjpgXotQUrj50/xQyehnxBuBRPiHBW3RqE+ASt7MgPPA==",
            "primary_blob_connection_string": "DefaultEndpointsProtocol=https;BlobEndpoint=https://cst8918tfstatey27e6bh9.blob.core.windows.net/;AccountName=cst8918tfstatey27e6bh9;AccountKey=yuwz43um9sbBQcqOtX84c2WCEjOMwSrLM8aiSCJ05JvjpgXotQUrj50/xQyehnxBuBRPiHBW3RqE+ASt7MgPPA==",
            "primary_blob_endpoint": "https://cst8918tfstatey27e6bh9.blob.core.windows.net/",
            "primary_blob_host": "cst8918tfstatey27e6bh9.blob.core.windows.net",
            "primary_blob_internet_endpoint": "",
            "primary_blob_internet_host": "",
            "primary_blob_microsoft_endpoint": "",
            "primary_blob_microsoft_host": "",
            "primary_connection_string": "DefaultEndpointsProtocol=https;AccountName=cst8918tfstatey27e6bh9;AccountKey=yuwz43um9sbBQcqOtX84c2WCEjOMwSrLM8aiSCJ05JvjpgXotQUrj50/xQyehnxBuBRPiHBW3RqE+ASt7MgPPA==;EndpointSuffix=core.windows.net",
            "primary_dfs_endpoint": "https://cst8918tfstatey27e6bh9.dfs.core.windows.net/",
            "primary_dfs_host": "cst8918tfstatey27e6bh9.dfs.core.windows.net",
            "primary_dfs_internet_endpoint": "",
            "primary_dfs_internet_host": "",
            "primary_dfs_microsoft_endpoint": "",
            "primary_dfs_microsoft_host": "",
            "primary_file_endpoint": "https://cst8918tfstatey27e6bh9.file.core.windows.net/",
            "primary_file_host": "cst8918tfstatey27e6bh9.file.core.windows.net",
            "primary_file_internet_endpoint": "",
            "primary_file_internet_host": "",
            "primary_file_microsoft_endpoint": "",
            "primary_file_microsoft_host": "",
            "primary_location": "eastus",
            "primary_queue_endpoint": "https://cst8918tfstatey27e6bh9.queue.core.windows.net/",
            "primary_queue_host": "cst8918tfstatey27e6bh9.queue.core.windows.net",
            "primary_queue_microsoft_endpoint": "",
            "primary_queue_microsoft_host": "",
            "primary_table_endpoint": "https://cst8918tfstatey27e6bh9.table.core.windows.net/",
            "primary_table_host": "cst8918tfstatey27e6bh9.table.core.windows.net",
            "primary_table_microsoft_endpoint": "",
            "primary_table_microsoft_host": "",
            "primary_web_endpoint": "https://cst8918tfstatey27e6bh9.z13.web.core.windows.net/",
            "primary_web_host": "cst8918tfstatey27e6bh9.z13.web.core.windows.net",
            "primary_web_internet_endpoint": "",
            "primary_web_internet_host": "",
            "primary_web_microsoft_endpoint": "",
            "primary_web_microsoft_host": "",
            "public_network_access_enabled": true,
            "queue_encryption_key_type": "Service",
            "queue_properties": [
              {
                "cors_rule": [],
                "hour_metrics": [
                  {
                    "enabled": false,
                    "include_apis": false,
                    "retention_policy_days": 0,
                    "version": "1.0"
                  }
                ],
                "logging": [
                  {
                    "delete": false,
                    "read": false,
                    "retention_policy_days": 0,
                    "version": "1.0",
                    "write": false
                  }
                ],
                "minute_metrics": [
                  {
                    "enabled": false,
                    "include_apis": false,
                    "retention_policy_days": 0,
                    "version": "1.0"
                  }
                ]
              }
            ],
            "resource_group_name": "cst8918-terraform-state-group-5",
            "routing": [],
            "sas_policy": [],
            "secondary_access_key": "AfoYlhVFJOUrKPIPwStHvBcuiLqP4GnrWbP6EoUHqPgPr5gkg29Nc3LGU3muUxTpjGa481NrxafK+AStVaEeHg==",
            "secondary_blob_connection_string": "",
            "secondary_blob_endpoint": "",
            "secondary_blob_host": "",
            "secondary_blob_internet_endpoint": "",
            "secondary_blob_internet_host": "",
            "secondary_blob_microsoft_endpoint": "",
            "secondary_blob_microsoft_host": "",
            "secondary_connection_string": "DefaultEndpointsProtocol=https;AccountName=cst8918tfstatey27e6bh9;AccountKey=AfoYlhVFJOUrKPIPwStHvBcuiLqP4GnrWbP6EoUHqPgPr5gkg29Nc3LGU3muUxTpjGa481NrxafK+AStVaEeHg==;EndpointSuffix=core.windows.net",
            "secondary_dfs_endpoint": "",
            "secondary_dfs_host": "",
            "secondary_dfs_internet_endpoint": "",
            "secondary_dfs_internet_host": "",
            "secondary_dfs_microsoft_endpoint": "",
            "secondary_dfs_microsoft_host": "",
            "secondary_file_endpoint": "",
            "secondary_file_host": "",
            "secondary_file_internet_endpoint": "",
            "secondary_file_internet_host": "",
            "secondary_file_microsoft_endpoint": "",
            "secondary_file_microsoft_host": "",
            "secondary_location": "",
            "secondary_queue_endpoint": "",
            "secondary_queue_host": "",
            "secondary_queue_microsoft_endpoint": "",
            "secondary_queue_microsoft_host": "",
            "secondary_table_endpoint": "",
            "secondary_table_host": "",
            "secondary_table_microsoft_endpoint": "",
            "secondary_table_microsoft_host": "",
            "secondary_web_endpoint": "",
            "secondary_web_host": "",
            "secondary_web_internet_endpoint": "",
            "secondary_web_internet_host": "",
            "secondary_web_microsoft_endpoint": "",
            "secondary_web_microsoft_host": "",
            "sftp_enabled": false,
            "share_properties": [
              {
                "cors_rule": [],
                "retention_policy": [
                  {
                    "days": 7
                  }
                ],
                "smb": []
              }
            ],
            "shared_access_key_enabled": true,
            "static_website": [],
            "table_encryption_key_type": "Service",
            "tags": {
              "Environment": "shared",
              "Project": "CST8918-Final",
              "Team": "Group-5"
            },
            "timeouts": null
          },
          "sensitive_attributes": [
            [
              {
                "type": "get_attr",
                "value": "primary_access_key"
              }
            ],
            [
              {
                "type": "get_attr",
                "value": "primary_blob_connection_string"
              }
            ],
            [
              {
                "type": "get_attr",
                "value": "primary_connection_string"
              }
            ],
            [
              {
                "type": "get_attr",
                "value": "secondary_access_key"
              }
            ],
            [
              {
                "type": "get_attr",
                "value": "secondary_blob_connection_string"
              }
            ],
            [
              {
                "type": "get_attr",
                "value": "secondary_connection_string"
              }
            ]
          ],
          "identity_schema_version": 0,
          "private": "eyJlMmJmYjczMC1lY2FhLTExZTYtOGY4OC0zNDM2M2JjN2M0YzAiOnsiY3JlYXRlIjozNjAwMDAwMDAwMDAwLCJkZWxldGUiOjM2MDAwMDAwMDAwMDAsInJlYWQiOjMwMDAwMDAwMDAwMCwidXBkYXRlIjozNjAwMDAwMDAwMDAwfSwic2NoZW1hX3ZlcnNpb24iOiI0In0=",
          "dependencies": [
            "module.terraform_backend.azurerm_resource_group.terraform_state",
            "random_string.suffix"
          ]
        }
      ]
    },
    {
      "module": "module.terraform_backend",
      "mode": "managed",
      "type": "azurerm_storage_container",
      "name": "terraform_state",
      "provider": "provider[\"registry.terraform.io/hashicorp/azurerm\"]",
      "instances": [
        {
          "schema_version": 1,
          "attributes": {
            "container_access_type": "private",
            "default_encryption_scope": "$account-encryption-key",
            "encryption_scope_override_enabled": true,
            "has_immutability_policy": false,
            "has_legal_hold": false,
            "id": "https://cst8918tfstatey27e6bh9.blob.core.windows.net/tfstate",
            "metadata": {},
            "name": "tfstate",
            "resource_manager_id": "/subscriptions/254161c8-a803-46bc-8206-579eb63c6e8f/resourceGroups/cst8918-terraform-state-group-5/providers/Microsoft.Storage/storageAccounts/cst8918tfstatey27e6bh9/blobServices/default/containers/tfstate",
            "storage_account_name": "cst8918tfstatey27e6bh9",
            "timeouts": null
          },
          "sensitive_attributes": [],
          "identity_schema_version": 0,
          "private": "eyJlMmJmYjczMC1lY2FhLTExZTYtOGY4OC0zNDM2M2JjN2M0YzAiOnsiY3JlYXRlIjoxODAwMDAwMDAwMDAwLCJkZWxldGUiOjE4MDAwMDAwMDAwMDAsInJlYWQiOjMwMDAwMDAwMDAwMCwidXBkYXRlIjoxODAwMDAwMDAwMDAwfSwic2NoZW1hX3ZlcnNpb24iOiIxIn0=",
          "dependencies": [
            "module.terraform_backend.azurerm_resource_group.terraform_state",
            "module.terraform_backend.azurerm_storage_account.terraform_state",
            "random_string.suffix"
          ]
        }
      ]
    }
  ],
  "check_results": null
}
